
Microsoft Visual Studio Solution File, Format Version 12.00
# Visual Studio Version 16
VisualStudioVersion = 16.0.30413.136
MinimumVisualStudioVersion = 10.0.40219.1
Project("{FAE04EC0-301F-11D3-BF4B-00C04F79EFBC}") = "Doom Manager", "Doom Manager\Doom Manager.csproj", "{788B3959-5894-4EA5-98D7-70145931AE5E}"
EndProject
Global
	GlobalSection(SolutionConfigurationPlatforms) = preSolution
		Debug|Any CPU = Debug|Any CPU
		Release|Any CPU = Release|Any CPU
	EndGlobalSection
	GlobalSection(ProjectConfigurationPlatforms) = postSolution
		{788B3959-5894-4EA5-98D7-70145931AE5E}.Debug|Any CPU.ActiveCfg = Debug|Any CPU
		{788B3959-5894-4EA5-98D7-70145931AE5E}.Debug|Any CPU.Build.0 = Debug|Any CPU
		{788B3959-5894-4EA5-98D7-70145931AE5E}.Release|Any CPU.ActiveCfg = Release|Any CPU
		{788B3959-5894-4EA5-98D7-70145931AE5E}.Release|Any CPU.Build.0 = Release|Any CPU
	EndGlobalSection
	GlobalSection(SolutionProperties) = preSolution
		HideSolutionNode = FALSE
	EndGlobalSection
	GlobalSection(ExtensibilityGlobals) = postSolution
		SolutionGuid = {F589E6D0-C786-4E7A-83BF-C9DEF42D299B}
	EndGlobalSection
EndGlobal
